
Microsoft Visual Studio Solution File, Format Version 12.00
# Visual Studio 15
VisualStudioVersion = 15.0.26730.3
MinimumVisualStudioVersion = 10.0.40219.1
Project("{888888A0-9F3D-457C-B088-3A5042F75D52}") = "Scraping", "Scraping\Scraping.pyproj", "{30011645-978A-4A12-AB71-78C207CB7FB7}"
EndProject
Project("{888888A0-9F3D-457C-B088-3A5042F75D52}") = "Processing", "Processing\Processing.pyproj", "{FF017AF5-8342-465C-87B0-EF837F888A38}"
EndProject
Project("{888888A0-9F3D-457C-B088-3A5042F75D52}") = "Web", "Web\Web.pyproj", "{C00A92A4-CDC4-446D-9CB2-4EFC2E0EA71D}"
EndProject
Global
	GlobalSection(SolutionConfigurationPlatforms) = preSolution
		Debug|Any CPU = Debug|Any CPU
		Release|Any CPU = Release|Any CPU
	EndGlobalSection
	GlobalSection(ProjectConfigurationPlatforms) = postSolution
		{30011645-978A-4A12-AB71-78C207CB7FB7}.Debug|Any CPU.ActiveCfg = Debug|Any CPU
		{30011645-978A-4A12-AB71-78C207CB7FB7}.Release|Any CPU.ActiveCfg = Release|Any CPU
		{FF017AF5-8342-465C-87B0-EF837F888A38}.Debug|Any CPU.ActiveCfg = Debug|Any CPU
		{FF017AF5-8342-465C-87B0-EF837F888A38}.Release|Any CPU.ActiveCfg = Release|Any CPU
		{C00A92A4-CDC4-446D-9CB2-4EFC2E0EA71D}.Debug|Any CPU.ActiveCfg = Debug|Any CPU
		{C00A92A4-CDC4-446D-9CB2-4EFC2E0EA71D}.Debug|Any CPU.Build.0 = Debug|Any CPU
		{C00A92A4-CDC4-446D-9CB2-4EFC2E0EA71D}.Release|Any CPU.ActiveCfg = Release|Any CPU
		{C00A92A4-CDC4-446D-9CB2-4EFC2E0EA71D}.Release|Any CPU.Build.0 = Release|Any CPU
	EndGlobalSection
	GlobalSection(SolutionProperties) = preSolution
		HideSolutionNode = FALSE
	EndGlobalSection
	GlobalSection(ExtensibilityGlobals) = postSolution
		SolutionGuid = {8FFB4518-F1C3-4703-A975-F78982F815F4}
	EndGlobalSection
EndGlobal
